
Microsoft Visual Studio Solution File, Format Version 12.00
# Visual Studio 15
VisualStudioVersion = 15.0.28307.329
MinimumVisualStudioVersion = 10.0.40219.1
Project("{FAE04EC0-301F-11D3-BF4B-00C04F79EFBC}") = "Euler", "Euler\Euler.csproj", "{F2BFD05B-F458-494F-AFFE-0BDBD01D139C}"
EndProject
Global
	GlobalSection(SolutionConfigurationPlatforms) = preSolution
		Debug|Any CPU = Debug|Any CPU
		Release|Any CPU = Release|Any CPU
	EndGlobalSection
	GlobalSection(ProjectConfigurationPlatforms) = postSolution
		{F2BFD05B-F458-494F-AFFE-0BDBD01D139C}.Debug|Any CPU.ActiveCfg = Debug|Any CPU
		{F2BFD05B-F458-494F-AFFE-0BDBD01D139C}.Debug|Any CPU.Build.0 = Debug|Any CPU
		{F2BFD05B-F458-494F-AFFE-0BDBD01D139C}.Release|Any CPU.ActiveCfg = Release|Any CPU
		{F2BFD05B-F458-494F-AFFE-0BDBD01D139C}.Release|Any CPU.Build.0 = Release|Any CPU
	EndGlobalSection
	GlobalSection(SolutionProperties) = preSolution
		HideSolutionNode = FALSE
	EndGlobalSection
	GlobalSection(ExtensibilityGlobals) = postSolution
		SolutionGuid = {683BCB5E-CF81-4EC0-9F40-23241FEC887D}
	EndGlobalSection
EndGlobal
